
Microsoft Visual Studio Solution File, Format Version 12.00
# Visual Studio 15
VisualStudioVersion = 15.0.27428.2037
MinimumVisualStudioVersion = 10.0.40219.1
Project("{9A19103F-16F7-4668-BE54-9A1E7A4F7556}") = "DotNetCoreSqlDb", "..\dotnetcore-sqldb-tutorial\DotNetCoreSqlDb.csproj", "{47825D10-6097-4058-86E1-2535172B59E3}"
EndProject
Global
	GlobalSection(SolutionConfigurationPlatforms) = preSolution
		Debug|Any CPU = Debug|Any CPU
		Release|Any CPU = Release|Any CPU
	EndGlobalSection
	GlobalSection(ProjectConfigurationPlatforms) = postSolution
		{47825D10-6097-4058-86E1-2535172B59E3}.Debug|Any CPU.ActiveCfg = Debug|Any CPU
		{47825D10-6097-4058-86E1-2535172B59E3}.Debug|Any CPU.Build.0 = Debug|Any CPU
		{47825D10-6097-4058-86E1-2535172B59E3}.Release|Any CPU.ActiveCfg = Release|Any CPU
		{47825D10-6097-4058-86E1-2535172B59E3}.Release|Any CPU.Build.0 = Release|Any CPU
	EndGlobalSection
	GlobalSection(SolutionProperties) = preSolution
		HideSolutionNode = FALSE
	EndGlobalSection
	GlobalSection(ExtensibilityGlobals) = postSolution
		SolutionGuid = {F0F980C5-CD66-4425-8473-A77B0373E7CB}
	EndGlobalSection
EndGlobal
